
Microsoft Visual Studio Solution File, Format Version 12.00
# Visual Studio Version 16
VisualStudioVersion = 16.0.29613.14
MinimumVisualStudioVersion = 10.0.40219.1
Project("{FAE04EC0-301F-11D3-BF4B-00C04F79EFBC}") = "PisonetKiosk", "PisonetKiosk.csproj", "{A158E7D6-648B-4876-A1C0-A8BCA223242C}"
EndProject
Project("{9A19103F-16F7-4668-BE54-9A1E7A4F7556}") = "KioskBusinessLogic", "..\KioskBusinessLogic\KioskBusinessLogic.csproj", "{537B4C09-B8B9-4CB6-B5D8-BBD1B32F77E9}"
EndProject
Project("{9A19103F-16F7-4668-BE54-9A1E7A4F7556}") = "KioskModel", "..\NimbusKioskModel\KioskModel.csproj", "{FF75AA7F-505D-46C3-98A0-A33DBEB4B588}"
EndProject
Global
	GlobalSection(SolutionConfigurationPlatforms) = preSolution
		Debug|Any CPU = Debug|Any CPU
		Release|Any CPU = Release|Any CPU
	EndGlobalSection
	GlobalSection(ProjectConfigurationPlatforms) = postSolution
		{A158E7D6-648B-4876-A1C0-A8BCA223242C}.Debug|Any CPU.ActiveCfg = Debug|Any CPU
		{A158E7D6-648B-4876-A1C0-A8BCA223242C}.Debug|Any CPU.Build.0 = Debug|Any CPU
		{A158E7D6-648B-4876-A1C0-A8BCA223242C}.Release|Any CPU.ActiveCfg = Release|Any CPU
		{A158E7D6-648B-4876-A1C0-A8BCA223242C}.Release|Any CPU.Build.0 = Release|Any CPU
		{537B4C09-B8B9-4CB6-B5D8-BBD1B32F77E9}.Debug|Any CPU.ActiveCfg = Debug|Any CPU
		{537B4C09-B8B9-4CB6-B5D8-BBD1B32F77E9}.Debug|Any CPU.Build.0 = Debug|Any CPU
		{537B4C09-B8B9-4CB6-B5D8-BBD1B32F77E9}.Release|Any CPU.ActiveCfg = Release|Any CPU
		{537B4C09-B8B9-4CB6-B5D8-BBD1B32F77E9}.Release|Any CPU.Build.0 = Release|Any CPU
		{FF75AA7F-505D-46C3-98A0-A33DBEB4B588}.Debug|Any CPU.ActiveCfg = Debug|Any CPU
		{FF75AA7F-505D-46C3-98A0-A33DBEB4B588}.Debug|Any CPU.Build.0 = Debug|Any CPU
		{FF75AA7F-505D-46C3-98A0-A33DBEB4B588}.Release|Any CPU.ActiveCfg = Release|Any CPU
		{FF75AA7F-505D-46C3-98A0-A33DBEB4B588}.Release|Any CPU.Build.0 = Release|Any CPU
	EndGlobalSection
	GlobalSection(SolutionProperties) = preSolution
		HideSolutionNode = FALSE
	EndGlobalSection
	GlobalSection(ExtensibilityGlobals) = postSolution
		SolutionGuid = {C47B0AEE-46DB-45A3-B01D-B9CBC9985451}
	EndGlobalSection
EndGlobal
